
Microsoft Visual Studio Solution File, Format Version 12.00
# Visual Studio 15
VisualStudioVersion = 15.0.26730.10
MinimumVisualStudioVersion = 10.0.40219.1
Project("{FAE04EC0-301F-11D3-BF4B-00C04F79EFBC}") = "SingletonPattern", "SingletonPattern\SingletonPattern.csproj", "{6B91927D-8995-48E6-AA01-9D93930786F7}"
EndProject
Project("{FAE04EC0-301F-11D3-BF4B-00C04F79EFBC}") = "SimpleFactory", "SimpleFactory\SimpleFactory.csproj", "{C3FC442B-D887-44EE-9359-BA8F08D5CB4B}"
EndProject
Project("{FAE04EC0-301F-11D3-BF4B-00C04F79EFBC}") = "FactoryMethod", "FactoryMethod\FactoryMethod.csproj", "{AC8F9833-F573-4500-9E7D-D8C303171AFE}"
EndProject
Project("{FAE04EC0-301F-11D3-BF4B-00C04F79EFBC}") = "AbstractFactory", "AbstractFactory\AbstractFactory.csproj", "{38D1AA6D-5736-4089-85E9-50B1645CD919}"
EndProject
Project("{FAE04EC0-301F-11D3-BF4B-00C04F79EFBC}") = "BuilderPattern", "BuilderPattern\BuilderPattern.csproj", "{4988C6BE-1425-4637-9A2F-52D5C11453EE}"
EndProject
Project("{FAE04EC0-301F-11D3-BF4B-00C04F79EFBC}") = "PrototypePattern", "PrototypePattern\PrototypePattern.csproj", "{FB60616F-B147-414A-B1D0-2B34FFE5D870}"
EndProject
Project("{FAE04EC0-301F-11D3-BF4B-00C04F79EFBC}") = "AdapterPattern", "AdapterPattern\AdapterPattern.csproj", "{0EBB250E-BC6D-4280-9C7B-7F515FB44D7A}"
EndProject
Project("{FAE04EC0-301F-11D3-BF4B-00C04F79EFBC}") = "BridgePattern", "BridgePattern\BridgePattern.csproj", "{B06FF288-0CA9-4F05-A1BB-624C8C6AB10E}"
EndProject
Project("{FAE04EC0-301F-11D3-BF4B-00C04F79EFBC}") = "DecoratorPattern", "DecoratorPattern\DecoratorPattern.csproj", "{68624A24-94C1-4A2E-A5FC-84A6AE73BB71}"
EndProject
Project("{FAE04EC0-301F-11D3-BF4B-00C04F79EFBC}") = "CompositePattern", "CompositePattern\CompositePattern.csproj", "{2A72574D-15EE-4977-BE63-FB402B556B63}"
EndProject
Project("{FAE04EC0-301F-11D3-BF4B-00C04F79EFBC}") = "FacadePattern", "FacadePattern\FacadePattern.csproj", "{603AF019-C1F5-4CF6-8647-9AEDE99D7184}"
EndProject
Project("{FAE04EC0-301F-11D3-BF4B-00C04F79EFBC}") = "FlyweightPattern", "FlyweightPattern\FlyweightPattern.csproj", "{EB29FE17-8990-4A07-8775-61320F749405}"
EndProject
Project("{FAE04EC0-301F-11D3-BF4B-00C04F79EFBC}") = "ProxyPattern", "ProxyPattern\ProxyPattern.csproj", "{86B5A1D2-6661-43EA-B011-59F730C4A086}"
EndProject
Project("{FAE04EC0-301F-11D3-BF4B-00C04F79EFBC}") = "TemplateMethodPattern", "TemplateMethodPattern\TemplateMethodPattern.csproj", "{3657B525-3629-4072-BD56-93A3FB0D5480}"
EndProject
Project("{FAE04EC0-301F-11D3-BF4B-00C04F79EFBC}") = "CommandPattern", "CommandPattern\CommandPattern.csproj", "{1359CDAD-C72C-493B-8F1D-3BFB689CD5DF}"
EndProject
Project("{FAE04EC0-301F-11D3-BF4B-00C04F79EFBC}") = "IteratorPattern", "IteratorPattern\IteratorPattern.csproj", "{F0C82CC2-67CA-404C-BC00-DAF09E8C4548}"
EndProject
Project("{FAE04EC0-301F-11D3-BF4B-00C04F79EFBC}") = "ObserverPattern", "ObserverPattern\ObserverPattern.csproj", "{1C167AE5-B082-425C-8CBF-4BD1A6498670}"
EndProject
Project("{FAE04EC0-301F-11D3-BF4B-00C04F79EFBC}") = "ObserverPatternInDotNet", "ObserverPatternInDotNet\ObserverPatternInDotNet.csproj", "{F74EC92B-ABE4-4A44-AE3D-B249BD6BDB53}"
EndProject
Project("{FAE04EC0-301F-11D3-BF4B-00C04F79EFBC}") = "MediatorPattern", "MediatorPattern\MediatorPattern.csproj", "{AA12F161-D7AE-42C0-8834-BEB49F65B2CA}"
EndProject
Project("{FAE04EC0-301F-11D3-BF4B-00C04F79EFBC}") = "StatePattern", "StatePattern\StatePattern.csproj", "{4384D8D6-FBC7-4E8F-BFAA-94A1743CDE61}"
EndProject
Project("{FAE04EC0-301F-11D3-BF4B-00C04F79EFBC}") = "StragetyPattern", "StragetyPattern\StragetyPattern.csproj", "{381F15CD-07AD-4BBC-9623-449AD71840A1}"
EndProject
Project("{FAE04EC0-301F-11D3-BF4B-00C04F79EFBC}") = "ChainOfResponsibity", "ChainOfResponsibity\ChainOfResponsibity.csproj", "{E6A83AA9-0F1A-4CBA-B7A6-4BAB3F4CCEA4}"
EndProject
Project("{FAE04EC0-301F-11D3-BF4B-00C04F79EFBC}") = "VistorPattern", "VistorPattern\VistorPattern.csproj", "{1D49506C-F59F-4FE5-9C2C-2072F09CDD2C}"
EndProject
Project("{FAE04EC0-301F-11D3-BF4B-00C04F79EFBC}") = "MementoPattern", "MementoPattern\MementoPattern.csproj", "{E5A457F9-0613-43E6-BF0A-D3A4A594DA5E}"
EndProject
Global
	GlobalSection(SolutionConfigurationPlatforms) = preSolution
		Debug|Any CPU = Debug|Any CPU
		Release|Any CPU = Release|Any CPU
	EndGlobalSection
	GlobalSection(ProjectConfigurationPlatforms) = postSolution
		{6B91927D-8995-48E6-AA01-9D93930786F7}.Debug|Any CPU.ActiveCfg = Debug|Any CPU
		{6B91927D-8995-48E6-AA01-9D93930786F7}.Debug|Any CPU.Build.0 = Debug|Any CPU
		{6B91927D-8995-48E6-AA01-9D93930786F7}.Release|Any CPU.ActiveCfg = Release|Any CPU
		{6B91927D-8995-48E6-AA01-9D93930786F7}.Release|Any CPU.Build.0 = Release|Any CPU
		{C3FC442B-D887-44EE-9359-BA8F08D5CB4B}.Debug|Any CPU.ActiveCfg = Debug|Any CPU
		{C3FC442B-D887-44EE-9359-BA8F08D5CB4B}.Debug|Any CPU.Build.0 = Debug|Any CPU
		{C3FC442B-D887-44EE-9359-BA8F08D5CB4B}.Release|Any CPU.ActiveCfg = Release|Any CPU
		{C3FC442B-D887-44EE-9359-BA8F08D5CB4B}.Release|Any CPU.Build.0 = Release|Any CPU
		{AC8F9833-F573-4500-9E7D-D8C303171AFE}.Debug|Any CPU.ActiveCfg = Debug|Any CPU
		{AC8F9833-F573-4500-9E7D-D8C303171AFE}.Debug|Any CPU.Build.0 = Debug|Any CPU
		{AC8F9833-F573-4500-9E7D-D8C303171AFE}.Release|Any CPU.ActiveCfg = Release|Any CPU
		{AC8F9833-F573-4500-9E7D-D8C303171AFE}.Release|Any CPU.Build.0 = Release|Any CPU
		{38D1AA6D-5736-4089-85E9-50B1645CD919}.Debug|Any CPU.ActiveCfg = Debug|Any CPU
		{38D1AA6D-5736-4089-85E9-50B1645CD919}.Debug|Any CPU.Build.0 = Debug|Any CPU
		{38D1AA6D-5736-4089-85E9-50B1645CD919}.Release|Any CPU.ActiveCfg = Release|Any CPU
		{38D1AA6D-5736-4089-85E9-50B1645CD919}.Release|Any CPU.Build.0 = Release|Any CPU
		{4988C6BE-1425-4637-9A2F-52D5C11453EE}.Debug|Any CPU.ActiveCfg = Debug|Any CPU
		{4988C6BE-1425-4637-9A2F-52D5C11453EE}.Debug|Any CPU.Build.0 = Debug|Any CPU
		{4988C6BE-1425-4637-9A2F-52D5C11453EE}.Release|Any CPU.ActiveCfg = Release|Any CPU
		{4988C6BE-1425-4637-9A2F-52D5C11453EE}.Release|Any CPU.Build.0 = Release|Any CPU
		{FB60616F-B147-414A-B1D0-2B34FFE5D870}.Debug|Any CPU.ActiveCfg = Debug|Any CPU
		{FB60616F-B147-414A-B1D0-2B34FFE5D870}.Debug|Any CPU.Build.0 = Debug|Any CPU
		{FB60616F-B147-414A-B1D0-2B34FFE5D870}.Release|Any CPU.ActiveCfg = Release|Any CPU
		{FB60616F-B147-414A-B1D0-2B34FFE5D870}.Release|Any CPU.Build.0 = Release|Any CPU
		{0EBB250E-BC6D-4280-9C7B-7F515FB44D7A}.Debug|Any CPU.ActiveCfg = Debug|Any CPU
		{0EBB250E-BC6D-4280-9C7B-7F515FB44D7A}.Debug|Any CPU.Build.0 = Debug|Any CPU
		{0EBB250E-BC6D-4280-9C7B-7F515FB44D7A}.Release|Any CPU.ActiveCfg = Release|Any CPU
		{0EBB250E-BC6D-4280-9C7B-7F515FB44D7A}.Release|Any CPU.Build.0 = Release|Any CPU
		{B06FF288-0CA9-4F05-A1BB-624C8C6AB10E}.Debug|Any CPU.ActiveCfg = Debug|Any CPU
		{B06FF288-0CA9-4F05-A1BB-624C8C6AB10E}.Debug|Any CPU.Build.0 = Debug|Any CPU
		{B06FF288-0CA9-4F05-A1BB-624C8C6AB10E}.Release|Any CPU.ActiveCfg = Release|Any CPU
		{B06FF288-0CA9-4F05-A1BB-624C8C6AB10E}.Release|Any CPU.Build.0 = Release|Any CPU
		{68624A24-94C1-4A2E-A5FC-84A6AE73BB71}.Debug|Any CPU.ActiveCfg = Debug|Any CPU
		{68624A24-94C1-4A2E-A5FC-84A6AE73BB71}.Debug|Any CPU.Build.0 = Debug|Any CPU
		{68624A24-94C1-4A2E-A5FC-84A6AE73BB71}.Release|Any CPU.ActiveCfg = Release|Any CPU
		{68624A24-94C1-4A2E-A5FC-84A6AE73BB71}.Release|Any CPU.Build.0 = Release|Any CPU
		{2A72574D-15EE-4977-BE63-FB402B556B63}.Debug|Any CPU.ActiveCfg = Debug|Any CPU
		{2A72574D-15EE-4977-BE63-FB402B556B63}.Debug|Any CPU.Build.0 = Debug|Any CPU
		{2A72574D-15EE-4977-BE63-FB402B556B63}.Release|Any CPU.ActiveCfg = Release|Any CPU
		{2A72574D-15EE-4977-BE63-FB402B556B63}.Release|Any CPU.Build.0 = Release|Any CPU
		{603AF019-C1F5-4CF6-8647-9AEDE99D7184}.Debug|Any CPU.ActiveCfg = Debug|Any CPU
		{603AF019-C1F5-4CF6-8647-9AEDE99D7184}.Debug|Any CPU.Build.0 = Debug|Any CPU
		{603AF019-C1F5-4CF6-8647-9AEDE99D7184}.Release|Any CPU.ActiveCfg = Release|Any CPU
		{603AF019-C1F5-4CF6-8647-9AEDE99D7184}.Release|Any CPU.Build.0 = Release|Any CPU
		{EB29FE17-8990-4A07-8775-61320F749405}.Debug|Any CPU.ActiveCfg = Debug|Any CPU
		{EB29FE17-8990-4A07-8775-61320F749405}.Debug|Any CPU.Build.0 = Debug|Any CPU
		{EB29FE17-8990-4A07-8775-61320F749405}.Release|Any CPU.ActiveCfg = Release|Any CPU
		{EB29FE17-8990-4A07-8775-61320F749405}.Release|Any CPU.Build.0 = Release|Any CPU
		{86B5A1D2-6661-43EA-B011-59F730C4A086}.Debug|Any CPU.ActiveCfg = Debug|Any CPU
		{86B5A1D2-6661-43EA-B011-59F730C4A086}.Debug|Any CPU.Build.0 = Debug|Any CPU
		{86B5A1D2-6661-43EA-B011-59F730C4A086}.Release|Any CPU.ActiveCfg = Release|Any CPU
		{86B5A1D2-6661-43EA-B011-59F730C4A086}.Release|Any CPU.Build.0 = Release|Any CPU
		{3657B525-3629-4072-BD56-93A3FB0D5480}.Debug|Any CPU.ActiveCfg = Debug|Any CPU
		{3657B525-3629-4072-BD56-93A3FB0D5480}.Debug|Any CPU.Build.0 = Debug|Any CPU
		{3657B525-3629-4072-BD56-93A3FB0D5480}.Release|Any CPU.ActiveCfg = Release|Any CPU
		{3657B525-3629-4072-BD56-93A3FB0D5480}.Release|Any CPU.Build.0 = Release|Any CPU
		{1359CDAD-C72C-493B-8F1D-3BFB689CD5DF}.Debug|Any CPU.ActiveCfg = Debug|Any CPU
		{1359CDAD-C72C-493B-8F1D-3BFB689CD5DF}.Debug|Any CPU.Build.0 = Debug|Any CPU
		{1359CDAD-C72C-493B-8F1D-3BFB689CD5DF}.Release|Any CPU.ActiveCfg = Release|Any CPU
		{1359CDAD-C72C-493B-8F1D-3BFB689CD5DF}.Release|Any CPU.Build.0 = Release|Any CPU
		{F0C82CC2-67CA-404C-BC00-DAF09E8C4548}.Debug|Any CPU.ActiveCfg = Debug|Any CPU
		{F0C82CC2-67CA-404C-BC00-DAF09E8C4548}.Debug|Any CPU.Build.0 = Debug|Any CPU
		{F0C82CC2-67CA-404C-BC00-DAF09E8C4548}.Release|Any CPU.ActiveCfg = Release|Any CPU
		{F0C82CC2-67CA-404C-BC00-DAF09E8C4548}.Release|Any CPU.Build.0 = Release|Any CPU
		{1C167AE5-B082-425C-8CBF-4BD1A6498670}.Debug|Any CPU.ActiveCfg = Debug|Any CPU
		{1C167AE5-B082-425C-8CBF-4BD1A6498670}.Debug|Any CPU.Build.0 = Debug|Any CPU
		{1C167AE5-B082-425C-8CBF-4BD1A6498670}.Release|Any CPU.ActiveCfg = Release|Any CPU
		{1C167AE5-B082-425C-8CBF-4BD1A6498670}.Release|Any CPU.Build.0 = Release|Any CPU
		{F74EC92B-ABE4-4A44-AE3D-B249BD6BDB53}.Debug|Any CPU.ActiveCfg = Debug|Any CPU
		{F74EC92B-ABE4-4A44-AE3D-B249BD6BDB53}.Debug|Any CPU.Build.0 = Debug|Any CPU
		{F74EC92B-ABE4-4A44-AE3D-B249BD6BDB53}.Release|Any CPU.ActiveCfg = Release|Any CPU
		{F74EC92B-ABE4-4A44-AE3D-B249BD6BDB53}.Release|Any CPU.Build.0 = Release|Any CPU
		{AA12F161-D7AE-42C0-8834-BEB49F65B2CA}.Debug|Any CPU.ActiveCfg = Debug|Any CPU
		{AA12F161-D7AE-42C0-8834-BEB49F65B2CA}.Debug|Any CPU.Build.0 = Debug|Any CPU
		{AA12F161-D7AE-42C0-8834-BEB49F65B2CA}.Release|Any CPU.ActiveCfg = Release|Any CPU
		{AA12F161-D7AE-42C0-8834-BEB49F65B2CA}.Release|Any CPU.Build.0 = Release|Any CPU
		{4384D8D6-FBC7-4E8F-BFAA-94A1743CDE61}.Debug|Any CPU.ActiveCfg = Debug|Any CPU
		{4384D8D6-FBC7-4E8F-BFAA-94A1743CDE61}.Debug|Any CPU.Build.0 = Debug|Any CPU
		{4384D8D6-FBC7-4E8F-BFAA-94A1743CDE61}.Release|Any CPU.ActiveCfg = Release|Any CPU
		{4384D8D6-FBC7-4E8F-BFAA-94A1743CDE61}.Release|Any CPU.Build.0 = Release|Any CPU
		{381F15CD-07AD-4BBC-9623-449AD71840A1}.Debug|Any CPU.ActiveCfg = Debug|Any CPU
		{381F15CD-07AD-4BBC-9623-449AD71840A1}.Debug|Any CPU.Build.0 = Debug|Any CPU
		{381F15CD-07AD-4BBC-9623-449AD71840A1}.Release|Any CPU.ActiveCfg = Release|Any CPU
		{381F15CD-07AD-4BBC-9623-449AD71840A1}.Release|Any CPU.Build.0 = Release|Any CPU
		{E6A83AA9-0F1A-4CBA-B7A6-4BAB3F4CCEA4}.Debug|Any CPU.ActiveCfg = Debug|Any CPU
		{E6A83AA9-0F1A-4CBA-B7A6-4BAB3F4CCEA4}.Debug|Any CPU.Build.0 = Debug|Any CPU
		{E6A83AA9-0F1A-4CBA-B7A6-4BAB3F4CCEA4}.Release|Any CPU.ActiveCfg = Release|Any CPU
		{E6A83AA9-0F1A-4CBA-B7A6-4BAB3F4CCEA4}.Release|Any CPU.Build.0 = Release|Any CPU
		{1D49506C-F59F-4FE5-9C2C-2072F09CDD2C}.Debug|Any CPU.ActiveCfg = Debug|Any CPU
		{1D49506C-F59F-4FE5-9C2C-2072F09CDD2C}.Debug|Any CPU.Build.0 = Debug|Any CPU
		{1D49506C-F59F-4FE5-9C2C-2072F09CDD2C}.Release|Any CPU.ActiveCfg = Release|Any CPU
		{1D49506C-F59F-4FE5-9C2C-2072F09CDD2C}.Release|Any CPU.Build.0 = Release|Any CPU
		{E5A457F9-0613-43E6-BF0A-D3A4A594DA5E}.Debug|Any CPU.ActiveCfg = Debug|Any CPU
		{E5A457F9-0613-43E6-BF0A-D3A4A594DA5E}.Debug|Any CPU.Build.0 = Debug|Any CPU
		{E5A457F9-0613-43E6-BF0A-D3A4A594DA5E}.Release|Any CPU.ActiveCfg = Release|Any CPU
		{E5A457F9-0613-43E6-BF0A-D3A4A594DA5E}.Release|Any CPU.Build.0 = Release|Any CPU
	EndGlobalSection
	GlobalSection(SolutionProperties) = preSolution
		HideSolutionNode = FALSE
	EndGlobalSection
	GlobalSection(ExtensibilityGlobals) = postSolution
		SolutionGuid = {B0856E50-0144-486D-BAF0-F90391D6FAC6}
	EndGlobalSection
EndGlobal
